
Microsoft Visual Studio Solution File, Format Version 12.00
# Visual Studio Version 17
VisualStudioVersion = 17.0.32014.148
MinimumVisualStudioVersion = 10.0.40219.1
Project("{2150E333-8FDC-42A3-9474-1A3956D46DE8}") = "Solution Items", "Solution Items", "{A6AD562A-0501-4C6B-B92B-D794A8642E44}"
	ProjectSection(SolutionItems) = preProject
		.editorconfig = .editorconfig
	EndProjectSection
EndProject
Project("{9A19103F-16F7-4668-BE54-9A1E7A4F7556}") = "WeaponStatsConverter", "WeaponStatsConverter\WeaponStatsConverter.csproj", "{B299359C-BECE-4ABD-9391-E2B1414F3916}"
EndProject
Project("{9A19103F-16F7-4668-BE54-9A1E7A4F7556}") = "KenshiWikiValidator", "KenshiWikiValidator\KenshiWikiValidator.csproj", "{7B47EC9B-7BF1-4313-AA59-EBE307FFCBFA}"
EndProject
Project("{9A19103F-16F7-4668-BE54-9A1E7A4F7556}") = "KenshiWikiValidator.Tests", "KenshiWikiValidator.Tests\KenshiWikiValidator.Tests.csproj", "{7AAC143C-7F7A-4F11-8CBB-D6FA5C58B300}"
EndProject
Project("{9A19103F-16F7-4668-BE54-9A1E7A4F7556}") = "TownTableBuilder", "TownTableBuilder\TownTableBuilder.csproj", "{6FB2F975-D714-4541-BE1D-966B6A34B07F}"
EndProject
Project("{2150E333-8FDC-42A3-9474-1A3956D46DE8}") = "Additionals", "Additionals", "{A17CD540-08B1-48A3-B977-96A35667CAC2}"
EndProject
Project("{9A19103F-16F7-4668-BE54-9A1E7A4F7556}") = "DialogueDumper", "DialogueBuilder\DialogueDumper.csproj", "{20A3863B-5354-41E1-A49D-C34F29423CEF}"
EndProject
Project("{9A19103F-16F7-4668-BE54-9A1E7A4F7556}") = "RecruitTableCreator", "RecruitTableCreator\RecruitTableCreator.csproj", "{737E82F4-EE90-4167-8BE8-D260740DBC27}"
EndProject
Project("{9A19103F-16F7-4668-BE54-9A1E7A4F7556}") = "KenshiWikiValidator.OcsProxy", "KenshiWikiValidator.OcsProxy\KenshiWikiValidator.OcsProxy.csproj", "{68E101CF-C322-422D-992F-27AEA43F0469}"
EndProject
Project("{FAE04EC0-301F-11D3-BF4B-00C04F79EFBC}") = "ModelGenerator", "ModelGenerator\ModelGenerator.csproj", "{5316269B-5823-464C-974E-D2868A0B57A6}"
EndProject
Global
	GlobalSection(SolutionConfigurationPlatforms) = preSolution
		Debug|Any CPU = Debug|Any CPU
		Release|Any CPU = Release|Any CPU
	EndGlobalSection
	GlobalSection(ProjectConfigurationPlatforms) = postSolution
		{B299359C-BECE-4ABD-9391-E2B1414F3916}.Debug|Any CPU.ActiveCfg = Debug|Any CPU
		{B299359C-BECE-4ABD-9391-E2B1414F3916}.Debug|Any CPU.Build.0 = Debug|Any CPU
		{B299359C-BECE-4ABD-9391-E2B1414F3916}.Release|Any CPU.ActiveCfg = Release|Any CPU
		{B299359C-BECE-4ABD-9391-E2B1414F3916}.Release|Any CPU.Build.0 = Release|Any CPU
		{7B47EC9B-7BF1-4313-AA59-EBE307FFCBFA}.Debug|Any CPU.ActiveCfg = Debug|Any CPU
		{7B47EC9B-7BF1-4313-AA59-EBE307FFCBFA}.Debug|Any CPU.Build.0 = Debug|Any CPU
		{7B47EC9B-7BF1-4313-AA59-EBE307FFCBFA}.Release|Any CPU.ActiveCfg = Release|Any CPU
		{7B47EC9B-7BF1-4313-AA59-EBE307FFCBFA}.Release|Any CPU.Build.0 = Release|Any CPU
		{7AAC143C-7F7A-4F11-8CBB-D6FA5C58B300}.Debug|Any CPU.ActiveCfg = Debug|Any CPU
		{7AAC143C-7F7A-4F11-8CBB-D6FA5C58B300}.Debug|Any CPU.Build.0 = Debug|Any CPU
		{7AAC143C-7F7A-4F11-8CBB-D6FA5C58B300}.Release|Any CPU.ActiveCfg = Release|Any CPU
		{7AAC143C-7F7A-4F11-8CBB-D6FA5C58B300}.Release|Any CPU.Build.0 = Release|Any CPU
		{6FB2F975-D714-4541-BE1D-966B6A34B07F}.Debug|Any CPU.ActiveCfg = Debug|Any CPU
		{6FB2F975-D714-4541-BE1D-966B6A34B07F}.Debug|Any CPU.Build.0 = Debug|Any CPU
		{6FB2F975-D714-4541-BE1D-966B6A34B07F}.Release|Any CPU.ActiveCfg = Release|Any CPU
		{6FB2F975-D714-4541-BE1D-966B6A34B07F}.Release|Any CPU.Build.0 = Release|Any CPU
		{20A3863B-5354-41E1-A49D-C34F29423CEF}.Debug|Any CPU.ActiveCfg = Debug|Any CPU
		{20A3863B-5354-41E1-A49D-C34F29423CEF}.Debug|Any CPU.Build.0 = Debug|Any CPU
		{20A3863B-5354-41E1-A49D-C34F29423CEF}.Release|Any CPU.ActiveCfg = Release|Any CPU
		{20A3863B-5354-41E1-A49D-C34F29423CEF}.Release|Any CPU.Build.0 = Release|Any CPU
		{737E82F4-EE90-4167-8BE8-D260740DBC27}.Debug|Any CPU.ActiveCfg = Debug|Any CPU
		{737E82F4-EE90-4167-8BE8-D260740DBC27}.Debug|Any CPU.Build.0 = Debug|Any CPU
		{737E82F4-EE90-4167-8BE8-D260740DBC27}.Release|Any CPU.ActiveCfg = Release|Any CPU
		{737E82F4-EE90-4167-8BE8-D260740DBC27}.Release|Any CPU.Build.0 = Release|Any CPU
		{68E101CF-C322-422D-992F-27AEA43F0469}.Debug|Any CPU.ActiveCfg = Debug|Any CPU
		{68E101CF-C322-422D-992F-27AEA43F0469}.Debug|Any CPU.Build.0 = Debug|Any CPU
		{68E101CF-C322-422D-992F-27AEA43F0469}.Release|Any CPU.ActiveCfg = Release|Any CPU
		{68E101CF-C322-422D-992F-27AEA43F0469}.Release|Any CPU.Build.0 = Release|Any CPU
		{5316269B-5823-464C-974E-D2868A0B57A6}.Debug|Any CPU.ActiveCfg = Debug|Any CPU
		{5316269B-5823-464C-974E-D2868A0B57A6}.Debug|Any CPU.Build.0 = Debug|Any CPU
		{5316269B-5823-464C-974E-D2868A0B57A6}.Release|Any CPU.ActiveCfg = Release|Any CPU
		{5316269B-5823-464C-974E-D2868A0B57A6}.Release|Any CPU.Build.0 = Release|Any CPU
	EndGlobalSection
	GlobalSection(SolutionProperties) = preSolution
		HideSolutionNode = FALSE
	EndGlobalSection
	GlobalSection(NestedProjects) = preSolution
		{B299359C-BECE-4ABD-9391-E2B1414F3916} = {A17CD540-08B1-48A3-B977-96A35667CAC2}
		{6FB2F975-D714-4541-BE1D-966B6A34B07F} = {A17CD540-08B1-48A3-B977-96A35667CAC2}
		{20A3863B-5354-41E1-A49D-C34F29423CEF} = {A17CD540-08B1-48A3-B977-96A35667CAC2}
		{737E82F4-EE90-4167-8BE8-D260740DBC27} = {A17CD540-08B1-48A3-B977-96A35667CAC2}
		{5316269B-5823-464C-974E-D2868A0B57A6} = {A17CD540-08B1-48A3-B977-96A35667CAC2}
	EndGlobalSection
	GlobalSection(ExtensibilityGlobals) = postSolution
		SolutionGuid = {054A46B7-AF5A-4DF0-A7EB-9C516ED29AB5}
	EndGlobalSection
EndGlobal
