
Microsoft Visual Studio Solution File, Format Version 12.00
# Visual Studio Version 17
VisualStudioVersion = 17.0.32014.148
MinimumVisualStudioVersion = 10.0.40219.1
Project("{9A19103F-16F7-4668-BE54-9A1E7A4F7556}") = "KenshiDataSnooper", "KenshiDataSnooper\KenshiDataSnooper.csproj", "{3C0D7173-832D-4BBE-80C6-BE1D58B623D7}"
EndProject
Project("{2150E333-8FDC-42A3-9474-1A3956D46DE8}") = "Solution Items", "Solution Items", "{A6AD562A-0501-4C6B-B92B-D794A8642E44}"
	ProjectSection(SolutionItems) = preProject
		.editorconfig = .editorconfig
	EndProjectSection
EndProject
Project("{9A19103F-16F7-4668-BE54-9A1E7A4F7556}") = "WeaponStatsConverter", "WeaponStatsConverter\WeaponStatsConverter.csproj", "{B299359C-BECE-4ABD-9391-E2B1414F3916}"
EndProject
Project("{FAE04EC0-301F-11D3-BF4B-00C04F79EFBC}") = "KenshiWikiValidator", "KenshiWikiValidator\KenshiWikiValidator.csproj", "{7B47EC9B-7BF1-4313-AA59-EBE307FFCBFA}"
EndProject
Project("{FAE04EC0-301F-11D3-BF4B-00C04F79EFBC}") = "KenshiWikiValidator.Tests", "KenshiWikiValidator.Tests\KenshiWikiValidator.Tests.csproj", "{7AAC143C-7F7A-4F11-8CBB-D6FA5C58B300}"
EndProject
Global
	GlobalSection(SolutionConfigurationPlatforms) = preSolution
		Debug|Any CPU = Debug|Any CPU
		Release|Any CPU = Release|Any CPU
	EndGlobalSection
	GlobalSection(ProjectConfigurationPlatforms) = postSolution
		{3C0D7173-832D-4BBE-80C6-BE1D58B623D7}.Debug|Any CPU.ActiveCfg = Debug|Any CPU
		{3C0D7173-832D-4BBE-80C6-BE1D58B623D7}.Debug|Any CPU.Build.0 = Debug|Any CPU
		{3C0D7173-832D-4BBE-80C6-BE1D58B623D7}.Release|Any CPU.ActiveCfg = Release|Any CPU
		{3C0D7173-832D-4BBE-80C6-BE1D58B623D7}.Release|Any CPU.Build.0 = Release|Any CPU
		{B299359C-BECE-4ABD-9391-E2B1414F3916}.Debug|Any CPU.ActiveCfg = Debug|Any CPU
		{B299359C-BECE-4ABD-9391-E2B1414F3916}.Debug|Any CPU.Build.0 = Debug|Any CPU
		{B299359C-BECE-4ABD-9391-E2B1414F3916}.Release|Any CPU.ActiveCfg = Release|Any CPU
		{B299359C-BECE-4ABD-9391-E2B1414F3916}.Release|Any CPU.Build.0 = Release|Any CPU
		{7B47EC9B-7BF1-4313-AA59-EBE307FFCBFA}.Debug|Any CPU.ActiveCfg = Debug|Any CPU
		{7B47EC9B-7BF1-4313-AA59-EBE307FFCBFA}.Debug|Any CPU.Build.0 = Debug|Any CPU
		{7B47EC9B-7BF1-4313-AA59-EBE307FFCBFA}.Release|Any CPU.ActiveCfg = Release|Any CPU
		{7B47EC9B-7BF1-4313-AA59-EBE307FFCBFA}.Release|Any CPU.Build.0 = Release|Any CPU
		{7AAC143C-7F7A-4F11-8CBB-D6FA5C58B300}.Debug|Any CPU.ActiveCfg = Debug|Any CPU
		{7AAC143C-7F7A-4F11-8CBB-D6FA5C58B300}.Debug|Any CPU.Build.0 = Debug|Any CPU
		{7AAC143C-7F7A-4F11-8CBB-D6FA5C58B300}.Release|Any CPU.ActiveCfg = Release|Any CPU
		{7AAC143C-7F7A-4F11-8CBB-D6FA5C58B300}.Release|Any CPU.Build.0 = Release|Any CPU
	EndGlobalSection
	GlobalSection(SolutionProperties) = preSolution
		HideSolutionNode = FALSE
	EndGlobalSection
	GlobalSection(ExtensibilityGlobals) = postSolution
		SolutionGuid = {054A46B7-AF5A-4DF0-A7EB-9C516ED29AB5}
	EndGlobalSection
EndGlobal
